
Microsoft Visual Studio Solution File, Format Version 12.00
# Visual Studio Version 16
VisualStudioVersion = 16.0.30309.148
MinimumVisualStudioVersion = 10.0.40219.1
Project("{FAE04EC0-301F-11D3-BF4B-00C04F79EFBC}") = "CRUD_Razor_2_1", "CRUD_Razor_2_1\CRUD_Razor_2_1.csproj", "{237925A7-6ACE-4D79-8FE1-B468D6F68FC8}"
EndProject
Global
	GlobalSection(SolutionConfigurationPlatforms) = preSolution
		Debug|Any CPU = Debug|Any CPU
		Release|Any CPU = Release|Any CPU
	EndGlobalSection
	GlobalSection(ProjectConfigurationPlatforms) = postSolution
		{237925A7-6ACE-4D79-8FE1-B468D6F68FC8}.Debug|Any CPU.ActiveCfg = Debug|Any CPU
		{237925A7-6ACE-4D79-8FE1-B468D6F68FC8}.Debug|Any CPU.Build.0 = Debug|Any CPU
		{237925A7-6ACE-4D79-8FE1-B468D6F68FC8}.Release|Any CPU.ActiveCfg = Release|Any CPU
		{237925A7-6ACE-4D79-8FE1-B468D6F68FC8}.Release|Any CPU.Build.0 = Release|Any CPU
	EndGlobalSection
	GlobalSection(SolutionProperties) = preSolution
		HideSolutionNode = FALSE
	EndGlobalSection
	GlobalSection(ExtensibilityGlobals) = postSolution
		SolutionGuid = {192F8C38-D77C-4DEB-9EB3-FC2863FB5379}
	EndGlobalSection
EndGlobal
